
Microsoft Visual Studio Solution File, Format Version 12.00
# Visual Studio Version 17
VisualStudioVersion = 17.7.34024.191
MinimumVisualStudioVersion = 10.0.40219.1
Project("{9A19103F-16F7-4668-BE54-9A1E7A4F7556}") = "Uranus.Web", "Uranus.Web\Uranus.Web.csproj", "{38DEF0F6-CDFB-4AEE-A10E-0C563FC27CE5}"
EndProject
Project("{9A19103F-16F7-4668-BE54-9A1E7A4F7556}") = "Uranus.Api", "Uranus.Api\Uranus.Api.csproj", "{661EF3C5-EB55-4F00-A786-65B2DE13D97F}"
EndProject
Global
	GlobalSection(SolutionConfigurationPlatforms) = preSolution
		Debug|Any CPU = Debug|Any CPU
		Release|Any CPU = Release|Any CPU
	EndGlobalSection
	GlobalSection(ProjectConfigurationPlatforms) = postSolution
		{38DEF0F6-CDFB-4AEE-A10E-0C563FC27CE5}.Debug|Any CPU.ActiveCfg = Debug|Any CPU
		{38DEF0F6-CDFB-4AEE-A10E-0C563FC27CE5}.Debug|Any CPU.Build.0 = Debug|Any CPU
		{38DEF0F6-CDFB-4AEE-A10E-0C563FC27CE5}.Release|Any CPU.ActiveCfg = Release|Any CPU
		{38DEF0F6-CDFB-4AEE-A10E-0C563FC27CE5}.Release|Any CPU.Build.0 = Release|Any CPU
		{661EF3C5-EB55-4F00-A786-65B2DE13D97F}.Debug|Any CPU.ActiveCfg = Debug|Any CPU
		{661EF3C5-EB55-4F00-A786-65B2DE13D97F}.Debug|Any CPU.Build.0 = Debug|Any CPU
		{661EF3C5-EB55-4F00-A786-65B2DE13D97F}.Release|Any CPU.ActiveCfg = Release|Any CPU
		{661EF3C5-EB55-4F00-A786-65B2DE13D97F}.Release|Any CPU.Build.0 = Release|Any CPU
	EndGlobalSection
	GlobalSection(SolutionProperties) = preSolution
		HideSolutionNode = FALSE
	EndGlobalSection
	GlobalSection(ExtensibilityGlobals) = postSolution
		SolutionGuid = {A446DA0F-F3A1-4910-AF2B-53400C582FEF}
	EndGlobalSection
EndGlobal
